
Microsoft Visual Studio Solution File, Format Version 12.00
# Visual Studio 15
Project("{FAE04EC0-301F-11D3-BF4B-00C04F79EFBC}") = "Assembly-CSharp-firstpass", "Assembly-CSharp-firstpass.csproj", "{0D43F03B-381E-8B51-9AA6-F701F9FCD47D}"
EndProject
Project("{FAE04EC0-301F-11D3-BF4B-00C04F79EFBC}") = "Assembly-CSharp", "Assembly-CSharp.csproj", "{1037C455-715A-B094-B744-523B3944895C}"
EndProject
Project("{FAE04EC0-301F-11D3-BF4B-00C04F79EFBC}") = "Assembly-CSharp-Editor-firstpass", "Assembly-CSharp-Editor-firstpass.csproj", "{95A40D54-D41D-C69F-937A-720F576D690E}"
EndProject
Global
	GlobalSection(SolutionConfigurationPlatforms) = preSolution
		Debug|Any CPU = Debug|Any CPU
		Release|Any CPU = Release|Any CPU
	EndGlobalSection
	GlobalSection(ProjectConfigurationPlatforms) = postSolution
		{0D43F03B-381E-8B51-9AA6-F701F9FCD47D}.Debug|Any CPU.ActiveCfg = Debug|Any CPU
		{0D43F03B-381E-8B51-9AA6-F701F9FCD47D}.Debug|Any CPU.Build.0 = Debug|Any CPU
		{0D43F03B-381E-8B51-9AA6-F701F9FCD47D}.Release|Any CPU.ActiveCfg = Release|Any CPU
		{0D43F03B-381E-8B51-9AA6-F701F9FCD47D}.Release|Any CPU.Build.0 = Release|Any CPU
		{1037C455-715A-B094-B744-523B3944895C}.Debug|Any CPU.ActiveCfg = Debug|Any CPU
		{1037C455-715A-B094-B744-523B3944895C}.Debug|Any CPU.Build.0 = Debug|Any CPU
		{1037C455-715A-B094-B744-523B3944895C}.Release|Any CPU.ActiveCfg = Release|Any CPU
		{1037C455-715A-B094-B744-523B3944895C}.Release|Any CPU.Build.0 = Release|Any CPU
		{95A40D54-D41D-C69F-937A-720F576D690E}.Debug|Any CPU.ActiveCfg = Debug|Any CPU
		{95A40D54-D41D-C69F-937A-720F576D690E}.Debug|Any CPU.Build.0 = Debug|Any CPU
		{95A40D54-D41D-C69F-937A-720F576D690E}.Release|Any CPU.ActiveCfg = Release|Any CPU
		{95A40D54-D41D-C69F-937A-720F576D690E}.Release|Any CPU.Build.0 = Release|Any CPU
	EndGlobalSection
	GlobalSection(SolutionProperties) = preSolution
		HideSolutionNode = FALSE
	EndGlobalSection
EndGlobal
